// !$*UTF8*$!
{
	archiveVersion = 1;
	classes = {
	};
	objectVersion = 51;
	objects = {

/* Begin PBXBuildFile section */
		5C11B256222C67BD0053839B /* AccountListViewController.swift in Sources */ = {isa = PBXBuildFile; fileRef = 5C11B255222C67BD0053839B /* AccountListViewController.swift */; };
		5C11B25B222C86110053839B /* SignInViewController.swift in Sources */ = {isa = PBXBuildFile; fileRef = 5C11B25A222C86110053839B /* SignInViewController.swift */; };
		5C2B1AFD223139F100983C11 /* AccountManager.swift in Sources */ = {isa = PBXBuildFile; fileRef = 5C2B1AFC223139F100983C11 /* AccountManager.swift */; };
		5C3037962234804B000FA38A /* AccountValidator.swift in Sources */ = {isa = PBXBuildFile; fileRef = 5C3037952234804B000FA38A /* AccountValidator.swift */; };
		5C30379822348891000FA38A /* ErrorAlertFactory.swift in Sources */ = {isa = PBXBuildFile; fileRef = 5C30379722348891000FA38A /* ErrorAlertFactory.swift */; };
		5C41F7A6222D2A2D00EA5346 /* GradientBackgroundView.swift in Sources */ = {isa = PBXBuildFile; fileRef = 5C41F7A5222D2A2D00EA5346 /* GradientBackgroundView.swift */; };
		5C41F7AA222D30A900EA5346 /* AccountPageViewController.swift in Sources */ = {isa = PBXBuildFile; fileRef = 5C41F7A9222D30A900EA5346 /* AccountPageViewController.swift */; };
		5C749FD6222C011300E470EC /* AppDelegate.swift in Sources */ = {isa = PBXBuildFile; fileRef = 5C749FD5222C011300E470EC /* AppDelegate.swift */; };
		5C749FD8222C011300E470EC /* CreateAccountViewController.swift in Sources */ = {isa = PBXBuildFile; fileRef = 5C749FD7222C011300E470EC /* CreateAccountViewController.swift */; };
		5C749FDB222C011300E470EC /* Main.storyboard in Resources */ = {isa = PBXBuildFile; fileRef = 5C749FD9222C011300E470EC /* Main.storyboard */; };
		5C749FDD222C011400E470EC /* Assets.xcassets in Resources */ = {isa = PBXBuildFile; fileRef = 5C749FDC222C011400E470EC /* Assets.xcassets */; };
		5C749FE0222C011400E470EC /* LaunchScreen.storyboard in Resources */ = {isa = PBXBuildFile; fileRef = 5C749FDE222C011400E470EC /* LaunchScreen.storyboard */; };
		5CBD3F03222F2E63005BABD7 /* AccountsData.xcdatamodeld in Sources */ = {isa = PBXBuildFile; fileRef = 5CBD3F01222F2E63005BABD7 /* AccountsData.xcdatamodeld */; };
/* End PBXBuildFile section */

/* Begin PBXFileReference section */
		5C11B255222C67BD0053839B /* AccountListViewController.swift */ = {isa = PBXFileReference; lastKnownFileType = sourcecode.swift; path = AccountListViewController.swift; sourceTree = "<group>"; };
		5C11B25A222C86110053839B /* SignInViewController.swift */ = {isa = PBXFileReference; lastKnownFileType = sourcecode.swift; path = SignInViewController.swift; sourceTree = "<group>"; };
		5C2B1AFC223139F100983C11 /* AccountManager.swift */ = {isa = PBXFileReference; lastKnownFileType = sourcecode.swift; path = AccountManager.swift; sourceTree = "<group>"; };
		5C3037952234804B000FA38A /* AccountValidator.swift */ = {isa = PBXFileReference; lastKnownFileType = sourcecode.swift; path = AccountValidator.swift; sourceTree = "<group>"; };
		5C30379722348891000FA38A /* ErrorAlertFactory.swift */ = {isa = PBXFileReference; lastKnownFileType = sourcecode.swift; path = ErrorAlertFactory.swift; sourceTree = "<group>"; };
		5C41F7A5222D2A2D00EA5346 /* GradientBackgroundView.swift */ = {isa = PBXFileReference; lastKnownFileType = sourcecode.swift; path = GradientBackgroundView.swift; sourceTree = "<group>"; };
		5C41F7A9222D30A900EA5346 /* AccountPageViewController.swift */ = {isa = PBXFileReference; fileEncoding = 4; lastKnownFileType = sourcecode.swift; path = AccountPageViewController.swift; sourceTree = "<group>"; };
		5C749FD2222C011300E470EC /* AccountList.app */ = {isa = PBXFileReference; explicitFileType = wrapper.application; includeInIndex = 0; path = AccountList.app; sourceTree = BUILT_PRODUCTS_DIR; };
		5C749FD5222C011300E470EC /* AppDelegate.swift */ = {isa = PBXFileReference; lastKnownFileType = sourcecode.swift; path = AppDelegate.swift; sourceTree = "<group>"; };
		5C749FD7222C011300E470EC /* CreateAccountViewController.swift */ = {isa = PBXFileReference; lastKnownFileType = sourcecode.swift; path = CreateAccountViewController.swift; sourceTree = "<group>"; };
		5C749FDA222C011300E470EC /* Base */ = {isa = PBXFileReference; lastKnownFileType = file.storyboard; name = Base; path = Base.lproj/Main.storyboard; sourceTree = "<group>"; };
		5C749FDC222C011400E470EC /* Assets.xcassets */ = {isa = PBXFileReference; lastKnownFileType = folder.assetcatalog; path = Assets.xcassets; sourceTree = "<group>"; };
		5C749FDF222C011400E470EC /* Base */ = {isa = PBXFileReference; lastKnownFileType = file.storyboard; name = Base; path = Base.lproj/LaunchScreen.storyboard; sourceTree = "<group>"; };
		5C749FE1222C011400E470EC /* Info.plist */ = {isa = PBXFileReference; lastKnownFileType = text.plist.xml; path = Info.plist; sourceTree = "<group>"; };
		5CBD3F02222F2E63005BABD7 /* AccountsData.xcdatamodel */ = {isa = PBXFileReference; lastKnownFileType = wrapper.xcdatamodel; path = AccountsData.xcdatamodel; sourceTree = "<group>"; };
/* End PBXFileReference section */

/* Begin PBXFrameworksBuildPhase section */
		5C749FCF222C011300E470EC /* Frameworks */ = {
			isa = PBXFrameworksBuildPhase;
			buildActionMask = 2147483647;
			files = (
			);
			runOnlyForDeploymentPostprocessing = 0;
		};
/* End PBXFrameworksBuildPhase section */

/* Begin PBXGroup section */
		5C11B251222C35500053839B /* ViewControllers */ = {
			isa = PBXGroup;
			children = (
				5C41F7A9222D30A900EA5346 /* AccountPageViewController.swift */,
				5C749FD7222C011300E470EC /* CreateAccountViewController.swift */,
				5C11B25A222C86110053839B /* SignInViewController.swift */,
				5C11B255222C67BD0053839B /* AccountListViewController.swift */,
			);
			path = ViewControllers;
			sourceTree = "<group>";
		};
		5C11B253222C36BD0053839B /* Resources */ = {
			isa = PBXGroup;
			children = (
				5C11B254222C36E80053839B /* Storyboards */,
				5C749FDC222C011400E470EC /* Assets.xcassets */,
			);
			path = Resources;
			sourceTree = "<group>";
		};
		5C11B254222C36E80053839B /* Storyboards */ = {
			isa = PBXGroup;
			children = (
				5C749FD9222C011300E470EC /* Main.storyboard */,
				5C749FDE222C011400E470EC /* LaunchScreen.storyboard */,
			);
			path = Storyboards;
			sourceTree = "<group>";
		};
		5C2B1AFB2231396700983C11 /* Utilities */ = {
			isa = PBXGroup;
			children = (
				5C2B1AFC223139F100983C11 /* AccountManager.swift */,
				5C30379722348891000FA38A /* ErrorAlertFactory.swift */,
			);
			path = Utilities;
			sourceTree = "<group>";
		};
		5C30379422348031000FA38A /* Validation */ = {
			isa = PBXGroup;
			children = (
				5C3037952234804B000FA38A /* AccountValidator.swift */,
			);
			path = Validation;
			sourceTree = "<group>";
		};
		5C41F7A4222D299100EA5346 /* Views */ = {
			isa = PBXGroup;
			children = (
				5C41F7A5222D2A2D00EA5346 /* GradientBackgroundView.swift */,
			);
			path = Views;
			sourceTree = "<group>";
		};
		5C749FC9222C011300E470EC = {
			isa = PBXGroup;
			children = (
				5C749FD4222C011300E470EC /* AccountList */,
				5C749FD3222C011300E470EC /* Products */,
			);
			sourceTree = "<group>";
		};
		5C749FD3222C011300E470EC /* Products */ = {
			isa = PBXGroup;
			children = (
				5C749FD2222C011300E470EC /* AccountList.app */,
			);
			name = Products;
			sourceTree = "<group>";
		};
		5C749FD4222C011300E470EC /* AccountList */ = {
			isa = PBXGroup;
			children = (
				5C30379422348031000FA38A /* Validation */,
				5C2B1AFB2231396700983C11 /* Utilities */,
				5C41F7A4222D299100EA5346 /* Views */,
				5C11B253222C36BD0053839B /* Resources */,
				5C11B251222C35500053839B /* ViewControllers */,
				5CBD3F01222F2E63005BABD7 /* AccountsData.xcdatamodeld */,
				5C749FD5222C011300E470EC /* AppDelegate.swift */,
				5C749FE1222C011400E470EC /* Info.plist */,
			);
			path = AccountList;
			sourceTree = "<group>";
		};
/* End PBXGroup section */

/* Begin PBXNativeTarget section */
		5C749FD1222C011300E470EC /* AccountList */ = {
			isa = PBXNativeTarget;
			buildConfigurationList = 5C749FE4222C011400E470EC /* Build configuration list for PBXNativeTarget "AccountList" */;
			buildPhases = (
				5C749FCE222C011300E470EC /* Sources */,
				5C749FCF222C011300E470EC /* Frameworks */,
				5C749FD0222C011300E470EC /* Resources */,
			);
			buildRules = (
			);
			dependencies = (
			);
			name = AccountList;
			productName = AccountList;
			productReference = 5C749FD2222C011300E470EC /* AccountList.app */;
			productType = "com.apple.product-type.application";
		};
/* End PBXNativeTarget section */

/* Begin PBXProject section */
		5C749FCA222C011300E470EC /* Project object */ = {
			isa = PBXProject;
			attributes = {
				LastSwiftUpdateCheck = 1010;
				LastUpgradeCheck = 1010;
				ORGANIZATIONNAME = "Arseni Rynkevich";
				TargetAttributes = {
					5C749FD1222C011300E470EC = {
						CreatedOnToolsVersion = 10.1;
					};
				};
			};
			buildConfigurationList = 5C749FCD222C011300E470EC /* Build configuration list for PBXProject "AccountList" */;
			compatibilityVersion = "Xcode 10.0";
			developmentRegion = en;
			hasScannedForEncodings = 0;
			knownRegions = (
				en,
				Base,
			);
			mainGroup = 5C749FC9222C011300E470EC;
			productRefGroup = 5C749FD3222C011300E470EC /* Products */;
			projectDirPath = "";
			projectRoot = "";
			targets = (
				5C749FD1222C011300E470EC /* AccountList */,
			);
		};
/* End PBXProject section */

/* Begin PBXResourcesBuildPhase section */
		5C749FD0222C011300E470EC /* Resources */ = {
			isa = PBXResourcesBuildPhase;
			buildActionMask = 2147483647;
			files = (
				5C749FE0222C011400E470EC /* LaunchScreen.storyboard in Resources */,
				5C749FDD222C011400E470EC /* Assets.xcassets in Resources */,
				5C749FDB222C011300E470EC /* Main.storyboard in Resources */,
			);
			runOnlyForDeploymentPostprocessing = 0;
		};
/* End PBXResourcesBuildPhase section */

/* Begin PBXSourcesBuildPhase section */
		5C749FCE222C011300E470EC /* Sources */ = {
			isa = PBXSourcesBuildPhase;
			buildActionMask = 2147483647;
			files = (
				5C41F7A6222D2A2D00EA5346 /* GradientBackgroundView.swift in Sources */,
				5CBD3F03222F2E63005BABD7 /* AccountsData.xcdatamodeld in Sources */,
				5C11B25B222C86110053839B /* SignInViewController.swift in Sources */,
				5C749FD8222C011300E470EC /* CreateAccountViewController.swift in Sources */,
				5C30379822348891000FA38A /* ErrorAlertFactory.swift in Sources */,
				5C3037962234804B000FA38A /* AccountValidator.swift in Sources */,
				5C749FD6222C011300E470EC /* AppDelegate.swift in Sources */,
				5C11B256222C67BD0053839B /* AccountListViewController.swift in Sources */,
				5C41F7AA222D30A900EA5346 /* AccountPageViewController.swift in Sources */,
				5C2B1AFD223139F100983C11 /* AccountManager.swift in Sources */,
			);
			runOnlyForDeploymentPostprocessing = 0;
		};
/* End PBXSourcesBuildPhase section */

/* Begin PBXVariantGroup section */
		5C749FD9222C011300E470EC /* Main.storyboard */ = {
			isa = PBXVariantGroup;
			children = (
				5C749FDA222C011300E470EC /* Base */,
			);
			name = Main.storyboard;
			sourceTree = "<group>";
		};
		5C749FDE222C011400E470EC /* LaunchScreen.storyboard */ = {
			isa = PBXVariantGroup;
			children = (
				5C749FDF222C011400E470EC /* Base */,
			);
			name = LaunchScreen.storyboard;
			sourceTree = "<group>";
		};
/* End PBXVariantGroup section */

/* Begin XCBuildConfiguration section */
		5C749FE2222C011400E470EC /* Debug */ = {
			isa = XCBuildConfiguration;
			buildSettings = {
				ALWAYS_SEARCH_USER_PATHS = NO;
				CLANG_ANALYZER_NONNULL = YES;
				CLANG_ANALYZER_NUMBER_OBJECT_CONVERSION = YES_AGGRESSIVE;
				CLANG_CXX_LANGUAGE_STANDARD = "gnu++14";
				CLANG_CXX_LIBRARY = "libc++";
				CLANG_ENABLE_MODULES = YES;
				CLANG_ENABLE_OBJC_ARC = YES;
				CLANG_ENABLE_OBJC_WEAK = YES;
				CLANG_WARN_BLOCK_CAPTURE_AUTORELEASING = YES;
				CLANG_WARN_BOOL_CONVERSION = YES;
				CLANG_WARN_COMMA = YES;
				CLANG_WARN_CONSTANT_CONVERSION = YES;
				CLANG_WARN_DEPRECATED_OBJC_IMPLEMENTATIONS = YES;
				CLANG_WARN_DIRECT_OBJC_ISA_USAGE = YES_ERROR;
				CLANG_WARN_DOCUMENTATION_COMMENTS = YES;
				CLANG_WARN_EMPTY_BODY = YES;
				CLANG_WARN_ENUM_CONVERSION = YES;
				CLANG_WARN_INFINITE_RECURSION = YES;
				CLANG_WARN_INT_CONVERSION = YES;
				CLANG_WARN_NON_LITERAL_NULL_CONVERSION = YES;
				CLANG_WARN_OBJC_IMPLICIT_RETAIN_SELF = YES;
				CLANG_WARN_OBJC_LITERAL_CONVERSION = YES;
				CLANG_WARN_OBJC_ROOT_CLASS = YES_ERROR;
				CLANG_WARN_RANGE_LOOP_ANALYSIS = YES;
				CLANG_WARN_STRICT_PROTOTYPES = YES;
				CLANG_WARN_SUSPICIOUS_MOVE = YES;
				CLANG_WARN_UNGUARDED_AVAILABILITY = YES_AGGRESSIVE;
				CLANG_WARN_UNREACHABLE_CODE = YES;
				CLANG_WARN__DUPLICATE_METHOD_MATCH = YES;
				CODE_SIGN_IDENTITY = "iPhone Developer";
				COPY_PHASE_STRIP = NO;
				DEBUG_INFORMATION_FORMAT = dwarf;
				ENABLE_STRICT_OBJC_MSGSEND = YES;
				ENABLE_TESTABILITY = YES;
				GCC_C_LANGUAGE_STANDARD = gnu11;
				GCC_DYNAMIC_NO_PIC = NO;
				GCC_NO_COMMON_BLOCKS = YES;
				GCC_OPTIMIZATION_LEVEL = 0;
				GCC_PREPROCESSOR_DEFINITIONS = (
					"DEBUG=1",
					"$(inherited)",
				);
				GCC_WARN_64_TO_32_BIT_CONVERSION = YES;
				GCC_WARN_ABOUT_RETURN_TYPE = YES_ERROR;
				GCC_WARN_UNDECLARED_SELECTOR = YES;
				GCC_WARN_UNINITIALIZED_AUTOS = YES_AGGRESSIVE;
				GCC_WARN_UNUSED_FUNCTION = YES;
				GCC_WARN_UNUSED_VARIABLE = YES;
				IPHONEOS_DEPLOYMENT_TARGET = 12.1;
				MTL_ENABLE_DEBUG_INFO = INCLUDE_SOURCE;
				MTL_FAST_MATH = YES;
				ONLY_ACTIVE_ARCH = YES;
				SDKROOT = iphoneos;
				SWIFT_ACTIVE_COMPILATION_CONDITIONS = DEBUG;
				SWIFT_OPTIMIZATION_LEVEL = "-Onone";
			};
			name = Debug;
		};
		5C749FE3222C011400E470EC /* Release */ = {
			isa = XCBuildConfiguration;
			buildSettings = {
				ALWAYS_SEARCH_USER_PATHS = NO;
				CLANG_ANALYZER_NONNULL = YES;
				CLANG_ANALYZER_NUMBER_OBJECT_CONVERSION = YES_AGGRESSIVE;
				CLANG_CXX_LANGUAGE_STANDARD = "gnu++14";
				CLANG_CXX_LIBRARY = "libc++";
				CLANG_ENABLE_MODULES = YES;
				CLANG_ENABLE_OBJC_ARC = YES;
				CLANG_ENABLE_OBJC_WEAK = YES;
				CLANG_WARN_BLOCK_CAPTURE_AUTORELEASING = YES;
				CLANG_WARN_BOOL_CONVERSION = YES;
				CLANG_WARN_COMMA = YES;
				CLANG_WARN_CONSTANT_CONVERSION = YES;
				CLANG_WARN_DEPRECATED_OBJC_IMPLEMENTATIONS = YES;
				CLANG_WARN_DIRECT_OBJC_ISA_USAGE = YES_ERROR;
				CLANG_WARN_DOCUMENTATION_COMMENTS = YES;
				CLANG_WARN_EMPTY_BODY = YES;
				CLANG_WARN_ENUM_CONVERSION = YES;
				CLANG_WARN_INFINITE_RECURSION = YES;
				CLANG_WARN_INT_CONVERSION = YES;
				CLANG_WARN_NON_LITERAL_NULL_CONVERSION = YES;
				CLANG_WARN_OBJC_IMPLICIT_RETAIN_SELF = YES;
				CLANG_WARN_OBJC_LITERAL_CONVERSION = YES;
				CLANG_WARN_OBJC_ROOT_CLASS = YES_ERROR;
				CLANG_WARN_RANGE_LOOP_ANALYSIS = YES;
				CLANG_WARN_STRICT_PROTOTYPES = YES;
				CLANG_WARN_SUSPICIOUS_MOVE = YES;
				CLANG_WARN_UNGUARDED_AVAILABILITY = YES_AGGRESSIVE;
				CLANG_WARN_UNREACHABLE_CODE = YES;
				CLANG_WARN__DUPLICATE_METHOD_MATCH = YES;
				CODE_SIGN_IDENTITY = "iPhone Developer";
				COPY_PHASE_STRIP = NO;
				DEBUG_INFORMATION_FORMAT = "dwarf-with-dsym";
				ENABLE_NS_ASSERTIONS = NO;
				ENABLE_STRICT_OBJC_MSGSEND = YES;
				GCC_C_LANGUAGE_STANDARD = gnu11;
				GCC_NO_COMMON_BLOCKS = YES;
				GCC_WARN_64_TO_32_BIT_CONVERSION = YES;
				GCC_WARN_ABOUT_RETURN_TYPE = YES_ERROR;
				GCC_WARN_UNDECLARED_SELECTOR = YES;
				GCC_WARN_UNINITIALIZED_AUTOS = YES_AGGRESSIVE;
				GCC_WARN_UNUSED_FUNCTION = YES;
				GCC_WARN_UNUSED_VARIABLE = YES;
				IPHONEOS_DEPLOYMENT_TARGET = 12.1;
				MTL_ENABLE_DEBUG_INFO = NO;
				MTL_FAST_MATH = YES;
				SDKROOT = iphoneos;
				SWIFT_COMPILATION_MODE = wholemodule;
				SWIFT_OPTIMIZATION_LEVEL = "-O";
				VALIDATE_PRODUCT = YES;
			};
			name = Release;
		};
		5C749FE5222C011400E470EC /* Debug */ = {
			isa = XCBuildConfiguration;
			buildSettings = {
				ASSETCATALOG_COMPILER_APPICON_NAME = AppIcon;
				CODE_SIGN_STYLE = Automatic;
				DEVELOPMENT_TEAM = YDTQ63V5AL;
				INFOPLIST_FILE = AccountList/Info.plist;
				LD_RUNPATH_SEARCH_PATHS = (
					"$(inherited)",
					"@executable_path/Frameworks",
				);
				PRODUCT_BUNDLE_IDENTIFIER = rynkevich.AccountList;
				PRODUCT_NAME = "$(TARGET_NAME)";
				SWIFT_VERSION = 4.2;
				TARGETED_DEVICE_FAMILY = 1;
			};
			name = Debug;
		};
		5C749FE6222C011400E470EC /* Release */ = {
			isa = XCBuildConfiguration;
			buildSettings = {
				ASSETCATALOG_COMPILER_APPICON_NAME = AppIcon;
				CODE_SIGN_STYLE = Automatic;
				DEVELOPMENT_TEAM = YDTQ63V5AL;
				INFOPLIST_FILE = AccountList/Info.plist;
				LD_RUNPATH_SEARCH_PATHS = (
					"$(inherited)",
					"@executable_path/Frameworks",
				);
				PRODUCT_BUNDLE_IDENTIFIER = rynkevich.AccountList;
				PRODUCT_NAME = "$(TARGET_NAME)";
				SWIFT_VERSION = 4.2;
				TARGETED_DEVICE_FAMILY = 1;
			};
			name = Release;
		};
/* End XCBuildConfiguration section */

/* Begin XCConfigurationList section */
		5C749FCD222C011300E470EC /* Build configuration list for PBXProject "AccountList" */ = {
			isa = XCConfigurationList;
			buildConfigurations = (
				5C749FE2222C011400E470EC /* Debug */,
				5C749FE3222C011400E470EC /* Release */,
			);
			defaultConfigurationIsVisible = 0;
			defaultConfigurationName = Release;
		};
		5C749FE4222C011400E470EC /* Build configuration list for PBXNativeTarget "AccountList" */ = {
			isa = XCConfigurationList;
			buildConfigurations = (
				5C749FE5222C011400E470EC /* Debug */,
				5C749FE6222C011400E470EC /* Release */,
			);
			defaultConfigurationIsVisible = 0;
			defaultConfigurationName = Release;
		};
/* End XCConfigurationList section */

/* Begin XCVersionGroup section */
		5CBD3F01222F2E63005BABD7 /* AccountsData.xcdatamodeld */ = {
			isa = XCVersionGroup;
			children = (
				5CBD3F02222F2E63005BABD7 /* AccountsData.xcdatamodel */,
			);
			currentVersion = 5CBD3F02222F2E63005BABD7 /* AccountsData.xcdatamodel */;
			path = AccountsData.xcdatamodeld;
			sourceTree = "<group>";
			versionGroupType = wrapper.xcdatamodel;
		};
/* End XCVersionGroup section */
	};
	rootObject = 5C749FCA222C011300E470EC /* Project object */;
}
